
Microsoft Visual Studio Solution File, Format Version 12.00
# Visual Studio 2013
VisualStudioVersion = 12.0.31101.0
MinimumVisualStudioVersion = 10.0.40219.1
Project("{FAE04EC0-301F-11D3-BF4B-00C04F79EFBC}") = "AwesomeXamarinFormsRoller", "..\AwesomeXamarinFormsRoller\AwesomeXamarinFormsRoller\AwesomeXamarinFormsRoller.csproj", "{54F3EA8F-B9E4-494F-90FB-24E37F9E44C6}"
EndProject
Project("{FAE04EC0-301F-11D3-BF4B-00C04F79EFBC}") = "AwesomeXamarinFormsRoller.Droid", "..\AwesomeXamarinFormsRoller\AwesomeXamarinFormsRoller.Droid\AwesomeXamarinFormsRoller.Droid.csproj", "{08D5DF1C-BEBF-49AD-A37A-A72D3322EB62}"
EndProject
Project("{FAE04EC0-301F-11D3-BF4B-00C04F79EFBC}") = "AwesomeXamarinFormsRoller.iOS", "..\AwesomeXamarinFormsRoller\AwesomeXamarinFormsRoller.iOS\AwesomeXamarinFormsRoller.iOS.csproj", "{93D96852-65C6-4BEA-BF48-49F467D8982F}"
EndProject
Global
	GlobalSection(SolutionConfigurationPlatforms) = preSolution
		Ad-Hoc|Any CPU = Ad-Hoc|Any CPU
		Ad-Hoc|ARM = Ad-Hoc|ARM
		Ad-Hoc|iPhone = Ad-Hoc|iPhone
		Ad-Hoc|iPhoneSimulator = Ad-Hoc|iPhoneSimulator
		Ad-Hoc|Mixed Platforms = Ad-Hoc|Mixed Platforms
		Ad-Hoc|x64 = Ad-Hoc|x64
		Ad-Hoc|x86 = Ad-Hoc|x86
		AppStore|Any CPU = AppStore|Any CPU
		AppStore|ARM = AppStore|ARM
		AppStore|iPhone = AppStore|iPhone
		AppStore|iPhoneSimulator = AppStore|iPhoneSimulator
		AppStore|Mixed Platforms = AppStore|Mixed Platforms
		AppStore|x64 = AppStore|x64
		AppStore|x86 = AppStore|x86
		Debug|Any CPU = Debug|Any CPU
		Debug|ARM = Debug|ARM
		Debug|iPhone = Debug|iPhone
		Debug|iPhoneSimulator = Debug|iPhoneSimulator
		Debug|Mixed Platforms = Debug|Mixed Platforms
		Debug|x64 = Debug|x64
		Debug|x86 = Debug|x86
		Release|Any CPU = Release|Any CPU
		Release|ARM = Release|ARM
		Release|iPhone = Release|iPhone
		Release|iPhoneSimulator = Release|iPhoneSimulator
		Release|Mixed Platforms = Release|Mixed Platforms
		Release|x64 = Release|x64
		Release|x86 = Release|x86
	EndGlobalSection
	GlobalSection(ProjectConfigurationPlatforms) = postSolution
		{54F3EA8F-B9E4-494F-90FB-24E37F9E44C6}.Ad-Hoc|Any CPU.ActiveCfg = Release|Any CPU
		{54F3EA8F-B9E4-494F-90FB-24E37F9E44C6}.Ad-Hoc|Any CPU.Build.0 = Release|Any CPU
		{54F3EA8F-B9E4-494F-90FB-24E37F9E44C6}.Ad-Hoc|ARM.ActiveCfg = Release|Any CPU
		{54F3EA8F-B9E4-494F-90FB-24E37F9E44C6}.Ad-Hoc|iPhone.ActiveCfg = Release|Any CPU
		{54F3EA8F-B9E4-494F-90FB-24E37F9E44C6}.Ad-Hoc|iPhoneSimulator.ActiveCfg = Release|Any CPU
		{54F3EA8F-B9E4-494F-90FB-24E37F9E44C6}.Ad-Hoc|Mixed Platforms.ActiveCfg = Release|Any CPU
		{54F3EA8F-B9E4-494F-90FB-24E37F9E44C6}.Ad-Hoc|Mixed Platforms.Build.0 = Release|Any CPU
		{54F3EA8F-B9E4-494F-90FB-24E37F9E44C6}.Ad-Hoc|x64.ActiveCfg = Release|Any CPU
		{54F3EA8F-B9E4-494F-90FB-24E37F9E44C6}.Ad-Hoc|x86.ActiveCfg = Release|Any CPU
		{54F3EA8F-B9E4-494F-90FB-24E37F9E44C6}.AppStore|Any CPU.ActiveCfg = Release|Any CPU
		{54F3EA8F-B9E4-494F-90FB-24E37F9E44C6}.AppStore|Any CPU.Build.0 = Release|Any CPU
		{54F3EA8F-B9E4-494F-90FB-24E37F9E44C6}.AppStore|ARM.ActiveCfg = Release|Any CPU
		{54F3EA8F-B9E4-494F-90FB-24E37F9E44C6}.AppStore|iPhone.ActiveCfg = Release|Any CPU
		{54F3EA8F-B9E4-494F-90FB-24E37F9E44C6}.AppStore|iPhoneSimulator.ActiveCfg = Release|Any CPU
		{54F3EA8F-B9E4-494F-90FB-24E37F9E44C6}.AppStore|Mixed Platforms.ActiveCfg = Release|Any CPU
		{54F3EA8F-B9E4-494F-90FB-24E37F9E44C6}.AppStore|Mixed Platforms.Build.0 = Release|Any CPU
		{54F3EA8F-B9E4-494F-90FB-24E37F9E44C6}.AppStore|x64.ActiveCfg = Release|Any CPU
		{54F3EA8F-B9E4-494F-90FB-24E37F9E44C6}.AppStore|x86.ActiveCfg = Release|Any CPU
		{54F3EA8F-B9E4-494F-90FB-24E37F9E44C6}.Debug|Any CPU.ActiveCfg = Debug|Any CPU
		{54F3EA8F-B9E4-494F-90FB-24E37F9E44C6}.Debug|Any CPU.Build.0 = Debug|Any CPU
		{54F3EA8F-B9E4-494F-90FB-24E37F9E44C6}.Debug|ARM.ActiveCfg = Debug|Any CPU
		{54F3EA8F-B9E4-494F-90FB-24E37F9E44C6}.Debug|iPhone.ActiveCfg = Debug|Any CPU
		{54F3EA8F-B9E4-494F-90FB-24E37F9E44C6}.Debug|iPhoneSimulator.ActiveCfg = Debug|Any CPU
		{54F3EA8F-B9E4-494F-90FB-24E37F9E44C6}.Debug|Mixed Platforms.ActiveCfg = Debug|Any CPU
		{54F3EA8F-B9E4-494F-90FB-24E37F9E44C6}.Debug|Mixed Platforms.Build.0 = Debug|Any CPU
		{54F3EA8F-B9E4-494F-90FB-24E37F9E44C6}.Debug|x64.ActiveCfg = Debug|Any CPU
		{54F3EA8F-B9E4-494F-90FB-24E37F9E44C6}.Debug|x86.ActiveCfg = Debug|Any CPU
		{54F3EA8F-B9E4-494F-90FB-24E37F9E44C6}.Release|Any CPU.ActiveCfg = Release|Any CPU
		{54F3EA8F-B9E4-494F-90FB-24E37F9E44C6}.Release|Any CPU.Build.0 = Release|Any CPU
		{54F3EA8F-B9E4-494F-90FB-24E37F9E44C6}.Release|ARM.ActiveCfg = Release|Any CPU
		{54F3EA8F-B9E4-494F-90FB-24E37F9E44C6}.Release|iPhone.ActiveCfg = Release|Any CPU
		{54F3EA8F-B9E4-494F-90FB-24E37F9E44C6}.Release|iPhoneSimulator.ActiveCfg = Release|Any CPU
		{54F3EA8F-B9E4-494F-90FB-24E37F9E44C6}.Release|Mixed Platforms.ActiveCfg = Release|Any CPU
		{54F3EA8F-B9E4-494F-90FB-24E37F9E44C6}.Release|Mixed Platforms.Build.0 = Release|Any CPU
		{54F3EA8F-B9E4-494F-90FB-24E37F9E44C6}.Release|x64.ActiveCfg = Release|Any CPU
		{54F3EA8F-B9E4-494F-90FB-24E37F9E44C6}.Release|x86.ActiveCfg = Release|Any CPU
		{08D5DF1C-BEBF-49AD-A37A-A72D3322EB62}.Ad-Hoc|Any CPU.ActiveCfg = Release|Any CPU
		{08D5DF1C-BEBF-49AD-A37A-A72D3322EB62}.Ad-Hoc|Any CPU.Build.0 = Release|Any CPU
		{08D5DF1C-BEBF-49AD-A37A-A72D3322EB62}.Ad-Hoc|Any CPU.Deploy.0 = Release|Any CPU
		{08D5DF1C-BEBF-49AD-A37A-A72D3322EB62}.Ad-Hoc|ARM.ActiveCfg = Release|Any CPU
		{08D5DF1C-BEBF-49AD-A37A-A72D3322EB62}.Ad-Hoc|iPhone.ActiveCfg = Release|Any CPU
		{08D5DF1C-BEBF-49AD-A37A-A72D3322EB62}.Ad-Hoc|iPhoneSimulator.ActiveCfg = Release|Any CPU
		{08D5DF1C-BEBF-49AD-A37A-A72D3322EB62}.Ad-Hoc|Mixed Platforms.ActiveCfg = Release|Any CPU
		{08D5DF1C-BEBF-49AD-A37A-A72D3322EB62}.Ad-Hoc|Mixed Platforms.Build.0 = Release|Any CPU
		{08D5DF1C-BEBF-49AD-A37A-A72D3322EB62}.Ad-Hoc|Mixed Platforms.Deploy.0 = Release|Any CPU
		{08D5DF1C-BEBF-49AD-A37A-A72D3322EB62}.Ad-Hoc|x64.ActiveCfg = Release|Any CPU
		{08D5DF1C-BEBF-49AD-A37A-A72D3322EB62}.Ad-Hoc|x86.ActiveCfg = Release|Any CPU
		{08D5DF1C-BEBF-49AD-A37A-A72D3322EB62}.AppStore|Any CPU.ActiveCfg = Release|Any CPU
		{08D5DF1C-BEBF-49AD-A37A-A72D3322EB62}.AppStore|Any CPU.Build.0 = Release|Any CPU
		{08D5DF1C-BEBF-49AD-A37A-A72D3322EB62}.AppStore|Any CPU.Deploy.0 = Release|Any CPU
		{08D5DF1C-BEBF-49AD-A37A-A72D3322EB62}.AppStore|ARM.ActiveCfg = Release|Any CPU
		{08D5DF1C-BEBF-49AD-A37A-A72D3322EB62}.AppStore|iPhone.ActiveCfg = Release|Any CPU
		{08D5DF1C-BEBF-49AD-A37A-A72D3322EB62}.AppStore|iPhoneSimulator.ActiveCfg = Release|Any CPU
		{08D5DF1C-BEBF-49AD-A37A-A72D3322EB62}.AppStore|Mixed Platforms.ActiveCfg = Release|Any CPU
		{08D5DF1C-BEBF-49AD-A37A-A72D3322EB62}.AppStore|Mixed Platforms.Build.0 = Release|Any CPU
		{08D5DF1C-BEBF-49AD-A37A-A72D3322EB62}.AppStore|Mixed Platforms.Deploy.0 = Release|Any CPU
		{08D5DF1C-BEBF-49AD-A37A-A72D3322EB62}.AppStore|x64.ActiveCfg = Release|Any CPU
		{08D5DF1C-BEBF-49AD-A37A-A72D3322EB62}.AppStore|x86.ActiveCfg = Release|Any CPU
		{08D5DF1C-BEBF-49AD-A37A-A72D3322EB62}.Debug|Any CPU.ActiveCfg = Debug|Any CPU
		{08D5DF1C-BEBF-49AD-A37A-A72D3322EB62}.Debug|Any CPU.Build.0 = Debug|Any CPU
		{08D5DF1C-BEBF-49AD-A37A-A72D3322EB62}.Debug|Any CPU.Deploy.0 = Debug|Any CPU
		{08D5DF1C-BEBF-49AD-A37A-A72D3322EB62}.Debug|ARM.ActiveCfg = Debug|Any CPU
		{08D5DF1C-BEBF-49AD-A37A-A72D3322EB62}.Debug|iPhone.ActiveCfg = Debug|Any CPU
		{08D5DF1C-BEBF-49AD-A37A-A72D3322EB62}.Debug|iPhoneSimulator.ActiveCfg = Debug|Any CPU
		{08D5DF1C-BEBF-49AD-A37A-A72D3322EB62}.Debug|Mixed Platforms.ActiveCfg = Debug|Any CPU
		{08D5DF1C-BEBF-49AD-A37A-A72D3322EB62}.Debug|Mixed Platforms.Build.0 = Debug|Any CPU
		{08D5DF1C-BEBF-49AD-A37A-A72D3322EB62}.Debug|Mixed Platforms.Deploy.0 = Debug|Any CPU
		{08D5DF1C-BEBF-49AD-A37A-A72D3322EB62}.Debug|x64.ActiveCfg = Debug|Any CPU
		{08D5DF1C-BEBF-49AD-A37A-A72D3322EB62}.Debug|x86.ActiveCfg = Debug|Any CPU
		{08D5DF1C-BEBF-49AD-A37A-A72D3322EB62}.Release|Any CPU.ActiveCfg = Release|Any CPU
		{08D5DF1C-BEBF-49AD-A37A-A72D3322EB62}.Release|Any CPU.Build.0 = Release|Any CPU
		{08D5DF1C-BEBF-49AD-A37A-A72D3322EB62}.Release|Any CPU.Deploy.0 = Release|Any CPU
		{08D5DF1C-BEBF-49AD-A37A-A72D3322EB62}.Release|ARM.ActiveCfg = Release|Any CPU
		{08D5DF1C-BEBF-49AD-A37A-A72D3322EB62}.Release|iPhone.ActiveCfg = Release|Any CPU
		{08D5DF1C-BEBF-49AD-A37A-A72D3322EB62}.Release|iPhoneSimulator.ActiveCfg = Release|Any CPU
		{08D5DF1C-BEBF-49AD-A37A-A72D3322EB62}.Release|Mixed Platforms.ActiveCfg = Release|Any CPU
		{08D5DF1C-BEBF-49AD-A37A-A72D3322EB62}.Release|Mixed Platforms.Build.0 = Release|Any CPU
		{08D5DF1C-BEBF-49AD-A37A-A72D3322EB62}.Release|Mixed Platforms.Deploy.0 = Release|Any CPU
		{08D5DF1C-BEBF-49AD-A37A-A72D3322EB62}.Release|x64.ActiveCfg = Release|Any CPU
		{08D5DF1C-BEBF-49AD-A37A-A72D3322EB62}.Release|x86.ActiveCfg = Release|Any CPU
		{93D96852-65C6-4BEA-BF48-49F467D8982F}.Ad-Hoc|Any CPU.ActiveCfg = Ad-Hoc|iPhone
		{93D96852-65C6-4BEA-BF48-49F467D8982F}.Ad-Hoc|ARM.ActiveCfg = Ad-Hoc|iPhone
		{93D96852-65C6-4BEA-BF48-49F467D8982F}.Ad-Hoc|iPhone.ActiveCfg = Ad-Hoc|iPhone
		{93D96852-65C6-4BEA-BF48-49F467D8982F}.Ad-Hoc|iPhone.Build.0 = Ad-Hoc|iPhone
		{93D96852-65C6-4BEA-BF48-49F467D8982F}.Ad-Hoc|iPhoneSimulator.ActiveCfg = Ad-Hoc|iPhoneSimulator
		{93D96852-65C6-4BEA-BF48-49F467D8982F}.Ad-Hoc|iPhoneSimulator.Build.0 = Ad-Hoc|iPhoneSimulator
		{93D96852-65C6-4BEA-BF48-49F467D8982F}.Ad-Hoc|Mixed Platforms.ActiveCfg = Ad-Hoc|iPhone
		{93D96852-65C6-4BEA-BF48-49F467D8982F}.Ad-Hoc|Mixed Platforms.Build.0 = Ad-Hoc|iPhone
		{93D96852-65C6-4BEA-BF48-49F467D8982F}.Ad-Hoc|x64.ActiveCfg = Ad-Hoc|iPhone
		{93D96852-65C6-4BEA-BF48-49F467D8982F}.Ad-Hoc|x86.ActiveCfg = Ad-Hoc|iPhone
		{93D96852-65C6-4BEA-BF48-49F467D8982F}.AppStore|Any CPU.ActiveCfg = AppStore|iPhone
		{93D96852-65C6-4BEA-BF48-49F467D8982F}.AppStore|ARM.ActiveCfg = AppStore|iPhone
		{93D96852-65C6-4BEA-BF48-49F467D8982F}.AppStore|iPhone.ActiveCfg = AppStore|iPhone
		{93D96852-65C6-4BEA-BF48-49F467D8982F}.AppStore|iPhone.Build.0 = AppStore|iPhone
		{93D96852-65C6-4BEA-BF48-49F467D8982F}.AppStore|iPhoneSimulator.ActiveCfg = AppStore|iPhoneSimulator
		{93D96852-65C6-4BEA-BF48-49F467D8982F}.AppStore|iPhoneSimulator.Build.0 = AppStore|iPhoneSimulator
		{93D96852-65C6-4BEA-BF48-49F467D8982F}.AppStore|Mixed Platforms.ActiveCfg = AppStore|iPhone
		{93D96852-65C6-4BEA-BF48-49F467D8982F}.AppStore|Mixed Platforms.Build.0 = AppStore|iPhone
		{93D96852-65C6-4BEA-BF48-49F467D8982F}.AppStore|x64.ActiveCfg = AppStore|iPhone
		{93D96852-65C6-4BEA-BF48-49F467D8982F}.AppStore|x86.ActiveCfg = AppStore|iPhone
		{93D96852-65C6-4BEA-BF48-49F467D8982F}.Debug|Any CPU.ActiveCfg = Debug|iPhone
		{93D96852-65C6-4BEA-BF48-49F467D8982F}.Debug|ARM.ActiveCfg = Debug|iPhone
		{93D96852-65C6-4BEA-BF48-49F467D8982F}.Debug|iPhone.ActiveCfg = Debug|iPhone
		{93D96852-65C6-4BEA-BF48-49F467D8982F}.Debug|iPhone.Build.0 = Debug|iPhone
		{93D96852-65C6-4BEA-BF48-49F467D8982F}.Debug|iPhoneSimulator.ActiveCfg = Debug|iPhoneSimulator
		{93D96852-65C6-4BEA-BF48-49F467D8982F}.Debug|iPhoneSimulator.Build.0 = Debug|iPhoneSimulator
		{93D96852-65C6-4BEA-BF48-49F467D8982F}.Debug|Mixed Platforms.ActiveCfg = Debug|iPhone
		{93D96852-65C6-4BEA-BF48-49F467D8982F}.Debug|Mixed Platforms.Build.0 = Debug|iPhone
		{93D96852-65C6-4BEA-BF48-49F467D8982F}.Debug|x64.ActiveCfg = Debug|iPhone
		{93D96852-65C6-4BEA-BF48-49F467D8982F}.Debug|x86.ActiveCfg = Debug|iPhone
		{93D96852-65C6-4BEA-BF48-49F467D8982F}.Release|Any CPU.ActiveCfg = Release|iPhone
		{93D96852-65C6-4BEA-BF48-49F467D8982F}.Release|ARM.ActiveCfg = Release|iPhone
		{93D96852-65C6-4BEA-BF48-49F467D8982F}.Release|iPhone.ActiveCfg = Release|iPhone
		{93D96852-65C6-4BEA-BF48-49F467D8982F}.Release|iPhone.Build.0 = Release|iPhone
		{93D96852-65C6-4BEA-BF48-49F467D8982F}.Release|iPhoneSimulator.ActiveCfg = Release|iPhoneSimulator
		{93D96852-65C6-4BEA-BF48-49F467D8982F}.Release|iPhoneSimulator.Build.0 = Release|iPhoneSimulator
		{93D96852-65C6-4BEA-BF48-49F467D8982F}.Release|Mixed Platforms.ActiveCfg = Release|iPhone
		{93D96852-65C6-4BEA-BF48-49F467D8982F}.Release|Mixed Platforms.Build.0 = Release|iPhone
		{93D96852-65C6-4BEA-BF48-49F467D8982F}.Release|x64.ActiveCfg = Release|iPhone
		{93D96852-65C6-4BEA-BF48-49F467D8982F}.Release|x86.ActiveCfg = Release|iPhone
	EndGlobalSection
	GlobalSection(SolutionProperties) = preSolution
		HideSolutionNode = FALSE
	EndGlobalSection
EndGlobal
